
Microsoft Visual Studio Solution File, Format Version 12.00
# Visual Studio Version 16
VisualStudioVersion = 25.0.1703.0
MinimumVisualStudioVersion = 10.0.40219.1
Project("{FAE04EC0-301F-11D3-BF4B-00C04F79EFBC}") = "vitat-web", "vitat-web.csproj", "{0FF10B3D-B796-4288-8F56-56B1F7024508}"
EndProject
Global
	GlobalSection(SolutionConfigurationPlatforms) = preSolution
		Debug|Any CPU = Debug|Any CPU
		Release|Any CPU = Release|Any CPU
	EndGlobalSection
	GlobalSection(ProjectConfigurationPlatforms) = postSolution
		{0FF10B3D-B796-4288-8F56-56B1F7024508}.Debug|Any CPU.ActiveCfg = Debug|Any CPU
		{0FF10B3D-B796-4288-8F56-56B1F7024508}.Debug|Any CPU.Build.0 = Debug|Any CPU
		{0FF10B3D-B796-4288-8F56-56B1F7024508}.Release|Any CPU.ActiveCfg = Release|Any CPU
		{0FF10B3D-B796-4288-8F56-56B1F7024508}.Release|Any CPU.Build.0 = Release|Any CPU
	EndGlobalSection
	GlobalSection(SolutionProperties) = preSolution
		HideSolutionNode = FALSE
	EndGlobalSection
	GlobalSection(ExtensibilityGlobals) = postSolution
		SolutionGuid = {273CE9FC-C25F-41F1-AE6B-28299B3EA02A}
	EndGlobalSection
EndGlobal
